
Microsoft Visual Studio Solution File, Format Version 12.00
# Visual Studio Version 17
VisualStudioVersion = 17.1.32328.378
MinimumVisualStudioVersion = 10.0.40219.1
Project("{FAE04EC0-301F-11D3-BF4B-00C04F79EFBC}") = "BugTracker_Login_WebApi", "BugTracker_Login_WebApi.csproj", "{70DA8A82-D099-40E6-8369-4D45FAA02A28}"
EndProject
Global
	GlobalSection(SolutionConfigurationPlatforms) = preSolution
		Debug|Any CPU = Debug|Any CPU
		Release|Any CPU = Release|Any CPU
	EndGlobalSection
	GlobalSection(ProjectConfigurationPlatforms) = postSolution
		{70DA8A82-D099-40E6-8369-4D45FAA02A28}.Debug|Any CPU.ActiveCfg = Debug|Any CPU
		{70DA8A82-D099-40E6-8369-4D45FAA02A28}.Debug|Any CPU.Build.0 = Debug|Any CPU
		{70DA8A82-D099-40E6-8369-4D45FAA02A28}.Release|Any CPU.ActiveCfg = Release|Any CPU
		{70DA8A82-D099-40E6-8369-4D45FAA02A28}.Release|Any CPU.Build.0 = Release|Any CPU
	EndGlobalSection
	GlobalSection(SolutionProperties) = preSolution
		HideSolutionNode = FALSE
	EndGlobalSection
	GlobalSection(ExtensibilityGlobals) = postSolution
		SolutionGuid = {C342E9B5-21BE-40EF-8D3E-44DCE027C872}
	EndGlobalSection
EndGlobal
